
Microsoft Visual Studio Solution File, Format Version 12.00
# Visual Studio Version 17
VisualStudioVersion = 17.9.34622.214
MinimumVisualStudioVersion = 10.0.40219.1
Project("{9A19103F-16F7-4668-BE54-9A1E7A4F7556}") = "ClinicManagement", "ClinicManagement.csproj", "{C6395EBA-A054-4935-BA92-871E8504A043}"
EndProject
Project("{2150E333-8FDC-42A3-9474-1A3956D46DE8}") = "src", "src", "{F5FBE6EF-625F-473E-AC6F-269D38976993}"
EndProject
Project("{2150E333-8FDC-42A3-9474-1A3956D46DE8}") = "core", "core", "{00A37AB3-5FB4-4F74-B4BF-3C1A09485025}"
EndProject
Project("{9A19103F-16F7-4668-BE54-9A1E7A4F7556}") = "Application", "..\Application\Application.csproj", "{AFA96CF4-07B5-4A4D-B7A8-2952011DE00F}"
EndProject
Project("{9A19103F-16F7-4668-BE54-9A1E7A4F7556}") = "Domain", "..\Domain\Domain.csproj", "{AF86E976-EF3F-4FC8-84CD-8797EF3C9EA1}"
EndProject
Project("{9A19103F-16F7-4668-BE54-9A1E7A4F7556}") = "Shared", "..\Shared\Shared.csproj", "{662FC958-ECE7-48F2-A2CE-94C7793E435F}"
EndProject
Project("{9A19103F-16F7-4668-BE54-9A1E7A4F7556}") = "Infrastructure", "..\Infrastructure\Infrastructure.csproj", "{CD66C829-E5B4-4237-9D9A-D74C3BD58C77}"
EndProject
Project("{2150E333-8FDC-42A3-9474-1A3956D46DE8}") = "Migrators", "Migrators", "{29C2F6AE-C853-4136-AC1E-EA7BCD9E1FFB}"
EndProject
Project("{FAE04EC0-301F-11D3-BF4B-00C04F79EFBC}") = "Migrators.MSSQL", "..\Migrators.MSSQL\Migrators.MSSQL.csproj", "{7D109D79-21F7-445B-AEE4-53A2C0D39144}"
EndProject
Global
	GlobalSection(SolutionConfigurationPlatforms) = preSolution
		Debug|Any CPU = Debug|Any CPU
		Release|Any CPU = Release|Any CPU
	EndGlobalSection
	GlobalSection(ProjectConfigurationPlatforms) = postSolution
		{C6395EBA-A054-4935-BA92-871E8504A043}.Debug|Any CPU.ActiveCfg = Debug|Any CPU
		{C6395EBA-A054-4935-BA92-871E8504A043}.Debug|Any CPU.Build.0 = Debug|Any CPU
		{C6395EBA-A054-4935-BA92-871E8504A043}.Release|Any CPU.ActiveCfg = Release|Any CPU
		{C6395EBA-A054-4935-BA92-871E8504A043}.Release|Any CPU.Build.0 = Release|Any CPU
		{AFA96CF4-07B5-4A4D-B7A8-2952011DE00F}.Debug|Any CPU.ActiveCfg = Debug|Any CPU
		{AFA96CF4-07B5-4A4D-B7A8-2952011DE00F}.Debug|Any CPU.Build.0 = Debug|Any CPU
		{AFA96CF4-07B5-4A4D-B7A8-2952011DE00F}.Release|Any CPU.ActiveCfg = Release|Any CPU
		{AFA96CF4-07B5-4A4D-B7A8-2952011DE00F}.Release|Any CPU.Build.0 = Release|Any CPU
		{AF86E976-EF3F-4FC8-84CD-8797EF3C9EA1}.Debug|Any CPU.ActiveCfg = Debug|Any CPU
		{AF86E976-EF3F-4FC8-84CD-8797EF3C9EA1}.Debug|Any CPU.Build.0 = Debug|Any CPU
		{AF86E976-EF3F-4FC8-84CD-8797EF3C9EA1}.Release|Any CPU.ActiveCfg = Release|Any CPU
		{AF86E976-EF3F-4FC8-84CD-8797EF3C9EA1}.Release|Any CPU.Build.0 = Release|Any CPU
		{662FC958-ECE7-48F2-A2CE-94C7793E435F}.Debug|Any CPU.ActiveCfg = Debug|Any CPU
		{662FC958-ECE7-48F2-A2CE-94C7793E435F}.Debug|Any CPU.Build.0 = Debug|Any CPU
		{662FC958-ECE7-48F2-A2CE-94C7793E435F}.Release|Any CPU.ActiveCfg = Release|Any CPU
		{662FC958-ECE7-48F2-A2CE-94C7793E435F}.Release|Any CPU.Build.0 = Release|Any CPU
		{CD66C829-E5B4-4237-9D9A-D74C3BD58C77}.Debug|Any CPU.ActiveCfg = Debug|Any CPU
		{CD66C829-E5B4-4237-9D9A-D74C3BD58C77}.Debug|Any CPU.Build.0 = Debug|Any CPU
		{CD66C829-E5B4-4237-9D9A-D74C3BD58C77}.Release|Any CPU.ActiveCfg = Release|Any CPU
		{CD66C829-E5B4-4237-9D9A-D74C3BD58C77}.Release|Any CPU.Build.0 = Release|Any CPU
		{7D109D79-21F7-445B-AEE4-53A2C0D39144}.Debug|Any CPU.ActiveCfg = Debug|Any CPU
		{7D109D79-21F7-445B-AEE4-53A2C0D39144}.Debug|Any CPU.Build.0 = Debug|Any CPU
		{7D109D79-21F7-445B-AEE4-53A2C0D39144}.Release|Any CPU.ActiveCfg = Release|Any CPU
		{7D109D79-21F7-445B-AEE4-53A2C0D39144}.Release|Any CPU.Build.0 = Release|Any CPU
	EndGlobalSection
	GlobalSection(SolutionProperties) = preSolution
		HideSolutionNode = FALSE
	EndGlobalSection
	GlobalSection(NestedProjects) = preSolution
		{C6395EBA-A054-4935-BA92-871E8504A043} = {F5FBE6EF-625F-473E-AC6F-269D38976993}
		{00A37AB3-5FB4-4F74-B4BF-3C1A09485025} = {F5FBE6EF-625F-473E-AC6F-269D38976993}
		{AFA96CF4-07B5-4A4D-B7A8-2952011DE00F} = {00A37AB3-5FB4-4F74-B4BF-3C1A09485025}
		{AF86E976-EF3F-4FC8-84CD-8797EF3C9EA1} = {00A37AB3-5FB4-4F74-B4BF-3C1A09485025}
		{662FC958-ECE7-48F2-A2CE-94C7793E435F} = {00A37AB3-5FB4-4F74-B4BF-3C1A09485025}
		{CD66C829-E5B4-4237-9D9A-D74C3BD58C77} = {F5FBE6EF-625F-473E-AC6F-269D38976993}
		{29C2F6AE-C853-4136-AC1E-EA7BCD9E1FFB} = {F5FBE6EF-625F-473E-AC6F-269D38976993}
		{7D109D79-21F7-445B-AEE4-53A2C0D39144} = {29C2F6AE-C853-4136-AC1E-EA7BCD9E1FFB}
	EndGlobalSection
	GlobalSection(ExtensibilityGlobals) = postSolution
		SolutionGuid = {E484397D-39DA-461D-8703-4FE62E4DDC2C}
	EndGlobalSection
EndGlobal
